# @generated - this file is auto-generated by `mise lock` https://mise.jdx.dev/dev-tools/mise-lock.html

[[tools."aqua:apache/maven"]]
version = "3.9.14"
backend = "aqua:apache/maven"

[tools."aqua:apache/maven"."platforms.linux-arm64"]
url = "https://archive.apache.org/dist/maven/maven-3/3.9.14/binaries/apache-maven-3.9.14-bin.tar.gz"

[tools."aqua:apache/maven"."platforms.linux-arm64-musl"]
url = "https://archive.apache.org/dist/maven/maven-3/3.9.14/binaries/apache-maven-3.9.14-bin.tar.gz"

[tools."aqua:apache/maven"."platforms.linux-x64"]
url = "https://archive.apache.org/dist/maven/maven-3/3.9.14/binaries/apache-maven-3.9.14-bin.tar.gz"

[tools."aqua:apache/maven"."platforms.linux-x64-musl"]
url = "https://archive.apache.org/dist/maven/maven-3/3.9.14/binaries/apache-maven-3.9.14-bin.tar.gz"

[tools."aqua:apache/maven"."platforms.macos-arm64"]
url = "https://archive.apache.org/dist/maven/maven-3/3.9.14/binaries/apache-maven-3.9.14-bin.tar.gz"

[tools."aqua:apache/maven"."platforms.macos-x64"]
url = "https://archive.apache.org/dist/maven/maven-3/3.9.14/binaries/apache-maven-3.9.14-bin.tar.gz"

[tools."aqua:apache/maven"."platforms.windows-x64"]
url = "https://archive.apache.org/dist/maven/maven-3/3.9.14/binaries/apache-maven-3.9.14-bin.tar.gz"

[[tools.java]]
version = "25.0.2"
backend = "core:java"

[[tools.node]]
version = "24.2.0"
backend = "core:node"

[tools.node."platforms.linux-arm64"]
checksum = "sha256:e82b44212eb10ebf4de9bd945b2fcf950786117f6578581bcde0abf4d471af4a"
url = "https://nodejs.org/dist/v24.2.0/node-v24.2.0-linux-arm64.tar.gz"

[tools.node."platforms.linux-arm64-musl"]
checksum = "sha256:e82b44212eb10ebf4de9bd945b2fcf950786117f6578581bcde0abf4d471af4a"
url = "https://nodejs.org/dist/v24.2.0/node-v24.2.0-linux-arm64.tar.gz"

[tools.node."platforms.linux-x64"]
checksum = "sha256:074e93576f2b0f0f689d12b5d71314c5cdc384b6efc315e264120f6a9dd348af"
url = "https://nodejs.org/dist/v24.2.0/node-v24.2.0-linux-x64.tar.gz"

[tools.node."platforms.linux-x64-musl"]
checksum = "sha256:074e93576f2b0f0f689d12b5d71314c5cdc384b6efc315e264120f6a9dd348af"
url = "https://nodejs.org/dist/v24.2.0/node-v24.2.0-linux-x64.tar.gz"

[tools.node."platforms.macos-arm64"]
checksum = "sha256:d35c21bb80dbf0d774d670b6b51b9467dd6a92581884ba78f29b09c3b50c9dee"
url = "https://nodejs.org/dist/v24.2.0/node-v24.2.0-darwin-arm64.tar.gz"

[tools.node."platforms.macos-x64"]
checksum = "sha256:d839ef904d7305f429d45288a8b0b43b095e9797dbbcf3bd67b0c8712066b7a3"
url = "https://nodejs.org/dist/v24.2.0/node-v24.2.0-darwin-x64.tar.gz"

[tools.node."platforms.windows-x64"]
checksum = "sha256:9427c71b19d05f1905f151f1e67fcd535a4f671d66358dbf5b934a49c371e500"
url = "https://nodejs.org/dist/v24.2.0/node-v24.2.0-win-x64.zip"
